
Microsoft Visual Studio Solution File, Format Version 11.00
# Visual Studio 2010
Project("{8BC9CEB8-8B4A-11D0-8D11-00A0C91BC942}") = "server", "server\server.vcxproj", "{6C0F6B2B-BC00-4E52-82BA-80B0BD3E0177}"
EndProject
Global
	GlobalSection(SolutionConfigurationPlatforms) = preSolution
		Debug|Win32 = Debug|Win32
		Release|Win32 = Release|Win32
	EndGlobalSection
	GlobalSection(ProjectConfigurationPlatforms) = postSolution
		{6C0F6B2B-BC00-4E52-82BA-80B0BD3E0177}.Debug|Win32.ActiveCfg = Debug|Win32
		{6C0F6B2B-BC00-4E52-82BA-80B0BD3E0177}.Debug|Win32.Build.0 = Debug|Win32
		{6C0F6B2B-BC00-4E52-82BA-80B0BD3E0177}.Release|Win32.ActiveCfg = Release|Win32
		{6C0F6B2B-BC00-4E52-82BA-80B0BD3E0177}.Release|Win32.Build.0 = Release|Win32
	EndGlobalSection
	GlobalSection(SolutionProperties) = preSolution
		HideSolutionNode = FALSE
	EndGlobalSection
EndGlobal
